
Microsoft Visual Studio Solution File, Format Version 12.00
# Visual Studio Version 16
VisualStudioVersion = 16.0.30711.63
MinimumVisualStudioVersion = 10.0.40219.1
Project("{FAE04EC0-301F-11D3-BF4B-00C04F79EFBC}") = "Interview", "Interview.csproj", "{E73C4F3F-0596-4A0A-AE91-2765A4432682}"
EndProject
Global
	GlobalSection(SolutionConfigurationPlatforms) = preSolution
		Debug|Any CPU = Debug|Any CPU
		Release|Any CPU = Release|Any CPU
	EndGlobalSection
	GlobalSection(ProjectConfigurationPlatforms) = postSolution
		{E73C4F3F-0596-4A0A-AE91-2765A4432682}.Debug|Any CPU.ActiveCfg = Debug|Any CPU
		{E73C4F3F-0596-4A0A-AE91-2765A4432682}.Debug|Any CPU.Build.0 = Debug|Any CPU
		{E73C4F3F-0596-4A0A-AE91-2765A4432682}.Release|Any CPU.ActiveCfg = Release|Any CPU
		{E73C4F3F-0596-4A0A-AE91-2765A4432682}.Release|Any CPU.Build.0 = Release|Any CPU
	EndGlobalSection
	GlobalSection(SolutionProperties) = preSolution
		HideSolutionNode = FALSE
	EndGlobalSection
	GlobalSection(ExtensibilityGlobals) = postSolution
		SolutionGuid = {B7C1BE4E-BA91-411D-A102-FC7C0B771C69}
	EndGlobalSection
EndGlobal
